
Microsoft Visual Studio Solution File, Format Version 12.00
# Visual Studio Version 16
VisualStudioVersion = 16.0.30804.86
MinimumVisualStudioVersion = 10.0.40219.1
Project("{FAE04EC0-301F-11D3-BF4B-00C04F79EFBC}") = "JarVerify", "JarVerify\JarVerify.csproj", "{D05530EF-10FA-42B5-AE29-2BA49DAF7455}"
EndProject
Global
	GlobalSection(SolutionConfigurationPlatforms) = preSolution
		Debug|Any CPU = Debug|Any CPU
		Release|Any CPU = Release|Any CPU
	EndGlobalSection
	GlobalSection(ProjectConfigurationPlatforms) = postSolution
		{D05530EF-10FA-42B5-AE29-2BA49DAF7455}.Debug|Any CPU.ActiveCfg = Debug|Any CPU
		{D05530EF-10FA-42B5-AE29-2BA49DAF7455}.Debug|Any CPU.Build.0 = Debug|Any CPU
		{D05530EF-10FA-42B5-AE29-2BA49DAF7455}.Release|Any CPU.ActiveCfg = Release|Any CPU
		{D05530EF-10FA-42B5-AE29-2BA49DAF7455}.Release|Any CPU.Build.0 = Release|Any CPU
	EndGlobalSection
	GlobalSection(SolutionProperties) = preSolution
		HideSolutionNode = FALSE
	EndGlobalSection
	GlobalSection(ExtensibilityGlobals) = postSolution
		SolutionGuid = {A89CC388-3072-495B-8054-456A7F635870}
	EndGlobalSection
EndGlobal
